
Microsoft Visual Studio Solution File, Format Version 12.00
# Visual Studio 15
VisualStudioVersion = 15.0.28010.2046
MinimumVisualStudioVersion = 10.0.40219.1
Project("{9A19103F-16F7-4668-BE54-9A1E7A4F7556}") = "myblogApp", "myblogApp.csproj", "{2C4E5904-ED99-4BC2-86BB-E939955893E6}"
EndProject
Global
	GlobalSection(SolutionConfigurationPlatforms) = preSolution
		Debug|Any CPU = Debug|Any CPU
		Release|Any CPU = Release|Any CPU
	EndGlobalSection
	GlobalSection(ProjectConfigurationPlatforms) = postSolution
		{2C4E5904-ED99-4BC2-86BB-E939955893E6}.Debug|Any CPU.ActiveCfg = Debug|Any CPU
		{2C4E5904-ED99-4BC2-86BB-E939955893E6}.Debug|Any CPU.Build.0 = Debug|Any CPU
		{2C4E5904-ED99-4BC2-86BB-E939955893E6}.Release|Any CPU.ActiveCfg = Release|Any CPU
		{2C4E5904-ED99-4BC2-86BB-E939955893E6}.Release|Any CPU.Build.0 = Release|Any CPU
	EndGlobalSection
	GlobalSection(SolutionProperties) = preSolution
		HideSolutionNode = FALSE
	EndGlobalSection
	GlobalSection(ExtensibilityGlobals) = postSolution
		SolutionGuid = {15F46778-2B7A-4F57-8766-8E874DAA6CE7}
	EndGlobalSection
EndGlobal
